
Microsoft Visual Studio Solution File, Format Version 12.00
# Visual Studio Version 17
VisualStudioVersion = 17.14.36518.9 d17.14
MinimumVisualStudioVersion = 10.0.40219.1
Project("{FAE04EC0-301F-11D3-BF4B-00C04F79EFBC}") = "ITI APP", "ITI APP\ITI APP.csproj", "{F6873AA4-5959-46D1-8A89-73FB1930B4FD}"
EndProject
Global
	GlobalSection(SolutionConfigurationPlatforms) = preSolution
		Debug|Any CPU = Debug|Any CPU
		Release|Any CPU = Release|Any CPU
	EndGlobalSection
	GlobalSection(ProjectConfigurationPlatforms) = postSolution
		{F6873AA4-5959-46D1-8A89-73FB1930B4FD}.Debug|Any CPU.ActiveCfg = Debug|Any CPU
		{F6873AA4-5959-46D1-8A89-73FB1930B4FD}.Debug|Any CPU.Build.0 = Debug|Any CPU
		{F6873AA4-5959-46D1-8A89-73FB1930B4FD}.Release|Any CPU.ActiveCfg = Release|Any CPU
		{F6873AA4-5959-46D1-8A89-73FB1930B4FD}.Release|Any CPU.Build.0 = Release|Any CPU
	EndGlobalSection
	GlobalSection(SolutionProperties) = preSolution
		HideSolutionNode = FALSE
	EndGlobalSection
	GlobalSection(ExtensibilityGlobals) = postSolution
		SolutionGuid = {E96E65B4-5793-4B05-A53B-96F0A70A1425}
	EndGlobalSection
EndGlobal
